// !$*UTF8*$!
{
	archiveVersion = 1;
	classes = {
	};
	objectVersion = 56;
	objects = {

/* Begin PBXBuildFile section */
		81211A4F29A797E300B9FB86 /* Stubbie in Frameworks */ = {isa = PBXBuildFile; productRef = 81211A4E29A797E300B9FB86 /* Stubbie */; };
		81211A5129A797ED00B9FB86 /* Stubbie in Frameworks */ = {isa = PBXBuildFile; productRef = 81211A5029A797ED00B9FB86 /* Stubbie */; };
		81211A5329A799FB00B9FB86 /* ViewModel.swift in Sources */ = {isa = PBXBuildFile; fileRef = 81211A5229A799FB00B9FB86 /* ViewModel.swift */; };
		81211A5529A79E0600B9FB86 /* SceneDelegate.swift in Sources */ = {isa = PBXBuildFile; fileRef = 81211A5429A79E0600B9FB86 /* SceneDelegate.swift */; };
		81211A9529A7A6D800B9FB86 /* StubbieTestUtils in Frameworks */ = {isa = PBXBuildFile; productRef = 81211A9429A7A6D800B9FB86 /* StubbieTestUtils */; };
		8154875629A696EF0044AF9B /* AppDelegate.swift in Sources */ = {isa = PBXBuildFile; fileRef = 8154875529A696EF0044AF9B /* AppDelegate.swift */; };
		8154875A29A696EF0044AF9B /* ViewController.swift in Sources */ = {isa = PBXBuildFile; fileRef = 8154875929A696EF0044AF9B /* ViewController.swift */; };
		8154875F29A696F10044AF9B /* Assets.xcassets in Resources */ = {isa = PBXBuildFile; fileRef = 8154875E29A696F10044AF9B /* Assets.xcassets */; };
		8154876229A696F10044AF9B /* LaunchScreen.storyboard in Resources */ = {isa = PBXBuildFile; fileRef = 8154876029A696F10044AF9B /* LaunchScreen.storyboard */; };
		8154877729A696F20044AF9B /* StubbieSamplerUITests.swift in Sources */ = {isa = PBXBuildFile; fileRef = 8154877629A696F20044AF9B /* StubbieSamplerUITests.swift */; };
		8154878A29A697F70044AF9B /* test_singleResponse().json in Resources */ = {isa = PBXBuildFile; fileRef = 8154878929A697F70044AF9B /* test_singleResponse().json */; };
		A31D52C729ABF4CF005D4EF5 /* test_singleStubbedResponse().json in Resources */ = {isa = PBXBuildFile; fileRef = A31D52C629ABF4CF005D4EF5 /* test_singleStubbedResponse().json */; };
		A31D52C929ACF970005D4EF5 /* test_twoStubbedResponsesToTheSameEndpoint().json in Resources */ = {isa = PBXBuildFile; fileRef = A31D52C829ACF970005D4EF5 /* test_twoStubbedResponsesToTheSameEndpoint().json */; };
		A31D52CB29ACFA96005D4EF5 /* XCUIElement+Extensions.swift in Sources */ = {isa = PBXBuildFile; fileRef = A31D52CA29ACFA96005D4EF5 /* XCUIElement+Extensions.swift */; };
		A31D52CD29ACFAFE005D4EF5 /* test_twoStubbedResponsesToTwoDifferentEndpoints().json in Resources */ = {isa = PBXBuildFile; fileRef = A31D52CC29ACFAFE005D4EF5 /* test_twoStubbedResponsesToTwoDifferentEndpoints().json */; };
/* End PBXBuildFile section */

/* Begin PBXContainerItemProxy section */
		8154877329A696F20044AF9B /* PBXContainerItemProxy */ = {
			isa = PBXContainerItemProxy;
			containerPortal = 8154874A29A696EF0044AF9B /* Project object */;
			proxyType = 1;
			remoteGlobalIDString = 8154875129A696EF0044AF9B;
			remoteInfo = StubbieSampler;
		};
/* End PBXContainerItemProxy section */

/* Begin PBXFileReference section */
		81211A5229A799FB00B9FB86 /* ViewModel.swift */ = {isa = PBXFileReference; lastKnownFileType = sourcecode.swift; path = ViewModel.swift; sourceTree = "<group>"; };
		81211A5429A79E0600B9FB86 /* SceneDelegate.swift */ = {isa = PBXFileReference; lastKnownFileType = sourcecode.swift; path = SceneDelegate.swift; sourceTree = "<group>"; };
		8154875229A696EF0044AF9B /* StubbieSampler.app */ = {isa = PBXFileReference; explicitFileType = wrapper.application; includeInIndex = 0; path = StubbieSampler.app; sourceTree = BUILT_PRODUCTS_DIR; };
		8154875529A696EF0044AF9B /* AppDelegate.swift */ = {isa = PBXFileReference; lastKnownFileType = sourcecode.swift; path = AppDelegate.swift; sourceTree = "<group>"; };
		8154875929A696EF0044AF9B /* ViewController.swift */ = {isa = PBXFileReference; lastKnownFileType = sourcecode.swift; path = ViewController.swift; sourceTree = "<group>"; };
		8154875E29A696F10044AF9B /* Assets.xcassets */ = {isa = PBXFileReference; lastKnownFileType = folder.assetcatalog; path = Assets.xcassets; sourceTree = "<group>"; };
		8154876129A696F10044AF9B /* Base */ = {isa = PBXFileReference; lastKnownFileType = file.storyboard; name = Base; path = Base.lproj/LaunchScreen.storyboard; sourceTree = "<group>"; };
		8154876329A696F10044AF9B /* Info.plist */ = {isa = PBXFileReference; lastKnownFileType = text.plist.xml; path = Info.plist; sourceTree = "<group>"; };
		8154877229A696F20044AF9B /* StubbieSamplerUITests.xctest */ = {isa = PBXFileReference; explicitFileType = wrapper.cfbundle; includeInIndex = 0; path = StubbieSamplerUITests.xctest; sourceTree = BUILT_PRODUCTS_DIR; };
		8154877629A696F20044AF9B /* StubbieSamplerUITests.swift */ = {isa = PBXFileReference; lastKnownFileType = sourcecode.swift; path = StubbieSamplerUITests.swift; sourceTree = "<group>"; };
		8154878929A697F70044AF9B /* test_singleResponse().json */ = {isa = PBXFileReference; lastKnownFileType = text.json; path = "test_singleResponse().json"; sourceTree = "<group>"; };
		A31D52C629ABF4CF005D4EF5 /* test_singleStubbedResponse().json */ = {isa = PBXFileReference; fileEncoding = 4; lastKnownFileType = text.json; path = "test_singleStubbedResponse().json"; sourceTree = "<group>"; };
		A31D52C829ACF970005D4EF5 /* test_twoStubbedResponsesToTheSameEndpoint().json */ = {isa = PBXFileReference; fileEncoding = 4; lastKnownFileType = text.json; path = "test_twoStubbedResponsesToTheSameEndpoint().json"; sourceTree = "<group>"; };
		A31D52CA29ACFA96005D4EF5 /* XCUIElement+Extensions.swift */ = {isa = PBXFileReference; lastKnownFileType = sourcecode.swift; path = "XCUIElement+Extensions.swift"; sourceTree = "<group>"; };
		A31D52CC29ACFAFE005D4EF5 /* test_twoStubbedResponsesToTwoDifferentEndpoints().json */ = {isa = PBXFileReference; lastKnownFileType = text.json; path = "test_twoStubbedResponsesToTwoDifferentEndpoints().json"; sourceTree = "<group>"; };
/* End PBXFileReference section */

/* Begin PBXFrameworksBuildPhase section */
		8154874F29A696EF0044AF9B /* Frameworks */ = {
			isa = PBXFrameworksBuildPhase;
			buildActionMask = 2147483647;
			files = (
				81211A4F29A797E300B9FB86 /* Stubbie in Frameworks */,
			);
			runOnlyForDeploymentPostprocessing = 0;
		};
		8154876F29A696F20044AF9B /* Frameworks */ = {
			isa = PBXFrameworksBuildPhase;
			buildActionMask = 2147483647;
			files = (
				81211A5129A797ED00B9FB86 /* Stubbie in Frameworks */,
				81211A9529A7A6D800B9FB86 /* StubbieTestUtils in Frameworks */,
			);
			runOnlyForDeploymentPostprocessing = 0;
		};
/* End PBXFrameworksBuildPhase section */

/* Begin PBXGroup section */
		8154874929A696EF0044AF9B = {
			isa = PBXGroup;
			children = (
				8154875429A696EF0044AF9B /* StubbieSampler */,
				8154877529A696F20044AF9B /* StubbieSamplerUITests */,
				8154875329A696EF0044AF9B /* Products */,
				8154878529A697510044AF9B /* Frameworks */,
			);
			sourceTree = "<group>";
		};
		8154875329A696EF0044AF9B /* Products */ = {
			isa = PBXGroup;
			children = (
				8154875229A696EF0044AF9B /* StubbieSampler.app */,
				8154877229A696F20044AF9B /* StubbieSamplerUITests.xctest */,
			);
			name = Products;
			sourceTree = "<group>";
		};
		8154875429A696EF0044AF9B /* StubbieSampler */ = {
			isa = PBXGroup;
			children = (
				8154878829A697DE0044AF9B /* Stubs */,
				8154875529A696EF0044AF9B /* AppDelegate.swift */,
				81211A5429A79E0600B9FB86 /* SceneDelegate.swift */,
				8154875929A696EF0044AF9B /* ViewController.swift */,
				81211A5229A799FB00B9FB86 /* ViewModel.swift */,
				8154876029A696F10044AF9B /* LaunchScreen.storyboard */,
				8154875E29A696F10044AF9B /* Assets.xcassets */,
				8154876329A696F10044AF9B /* Info.plist */,
			);
			path = StubbieSampler;
			sourceTree = "<group>";
		};
		8154877529A696F20044AF9B /* StubbieSamplerUITests */ = {
			isa = PBXGroup;
			children = (
				8154877629A696F20044AF9B /* StubbieSamplerUITests.swift */,
				A31D52CA29ACFA96005D4EF5 /* XCUIElement+Extensions.swift */,
			);
			path = StubbieSamplerUITests;
			sourceTree = "<group>";
		};
		8154878529A697510044AF9B /* Frameworks */ = {
			isa = PBXGroup;
			children = (
			);
			name = Frameworks;
			sourceTree = "<group>";
		};
		8154878829A697DE0044AF9B /* Stubs */ = {
			isa = PBXGroup;
			children = (
				8154878929A697F70044AF9B /* test_singleResponse().json */,
				A31D52C629ABF4CF005D4EF5 /* test_singleStubbedResponse().json */,
				A31D52C829ACF970005D4EF5 /* test_twoStubbedResponsesToTheSameEndpoint().json */,
				A31D52CC29ACFAFE005D4EF5 /* test_twoStubbedResponsesToTwoDifferentEndpoints().json */,
			);
			path = Stubs;
			sourceTree = "<group>";
		};
/* End PBXGroup section */

/* Begin PBXNativeTarget section */
		8154875129A696EF0044AF9B /* StubbieSampler */ = {
			isa = PBXNativeTarget;
			buildConfigurationList = 8154877C29A696F20044AF9B /* Build configuration list for PBXNativeTarget "StubbieSampler" */;
			buildPhases = (
				8154874E29A696EF0044AF9B /* Sources */,
				8154874F29A696EF0044AF9B /* Frameworks */,
				8154875029A696EF0044AF9B /* Resources */,
				81465BEB29A7B1D300BD6E04 /* Strip Stubbie Stub JSON */,
			);
			buildRules = (
			);
			dependencies = (
			);
			name = StubbieSampler;
			packageProductDependencies = (
				81211A4E29A797E300B9FB86 /* Stubbie */,
			);
			productName = StubbieSampler;
			productReference = 8154875229A696EF0044AF9B /* StubbieSampler.app */;
			productType = "com.apple.product-type.application";
		};
		8154877129A696F20044AF9B /* StubbieSamplerUITests */ = {
			isa = PBXNativeTarget;
			buildConfigurationList = 8154878229A696F20044AF9B /* Build configuration list for PBXNativeTarget "StubbieSamplerUITests" */;
			buildPhases = (
				8154876E29A696F20044AF9B /* Sources */,
				8154876F29A696F20044AF9B /* Frameworks */,
				8154877029A696F20044AF9B /* Resources */,
			);
			buildRules = (
			);
			dependencies = (
				8154877429A696F20044AF9B /* PBXTargetDependency */,
			);
			name = StubbieSamplerUITests;
			packageProductDependencies = (
				81211A5029A797ED00B9FB86 /* Stubbie */,
				81211A9429A7A6D800B9FB86 /* StubbieTestUtils */,
			);
			productName = StubbieSamplerUITests;
			productReference = 8154877229A696F20044AF9B /* StubbieSamplerUITests.xctest */;
			productType = "com.apple.product-type.bundle.ui-testing";
		};
/* End PBXNativeTarget section */

/* Begin PBXProject section */
		8154874A29A696EF0044AF9B /* Project object */ = {
			isa = PBXProject;
			attributes = {
				BuildIndependentTargetsInParallel = 1;
				LastSwiftUpdateCheck = 1420;
				LastUpgradeCheck = 1420;
				TargetAttributes = {
					8154875129A696EF0044AF9B = {
						CreatedOnToolsVersion = 14.2;
					};
					8154877129A696F20044AF9B = {
						CreatedOnToolsVersion = 14.2;
						TestTargetID = 8154875129A696EF0044AF9B;
					};
				};
			};
			buildConfigurationList = 8154874D29A696EF0044AF9B /* Build configuration list for PBXProject "StubbieSampler" */;
			compatibilityVersion = "Xcode 14.0";
			developmentRegion = en;
			hasScannedForEncodings = 0;
			knownRegions = (
				en,
				Base,
			);
			mainGroup = 8154874929A696EF0044AF9B;
			productRefGroup = 8154875329A696EF0044AF9B /* Products */;
			projectDirPath = "";
			projectRoot = "";
			targets = (
				8154875129A696EF0044AF9B /* StubbieSampler */,
				8154877129A696F20044AF9B /* StubbieSamplerUITests */,
			);
		};
/* End PBXProject section */

/* Begin PBXResourcesBuildPhase section */
		8154875029A696EF0044AF9B /* Resources */ = {
			isa = PBXResourcesBuildPhase;
			buildActionMask = 2147483647;
			files = (
				8154876229A696F10044AF9B /* LaunchScreen.storyboard in Resources */,
				A31D52C729ABF4CF005D4EF5 /* test_singleStubbedResponse().json in Resources */,
				A31D52C929ACF970005D4EF5 /* test_twoStubbedResponsesToTheSameEndpoint().json in Resources */,
				8154878A29A697F70044AF9B /* test_singleResponse().json in Resources */,
				8154875F29A696F10044AF9B /* Assets.xcassets in Resources */,
				A31D52CD29ACFAFE005D4EF5 /* test_twoStubbedResponsesToTwoDifferentEndpoints().json in Resources */,
			);
			runOnlyForDeploymentPostprocessing = 0;
		};
		8154877029A696F20044AF9B /* Resources */ = {
			isa = PBXResourcesBuildPhase;
			buildActionMask = 2147483647;
			files = (
			);
			runOnlyForDeploymentPostprocessing = 0;
		};
/* End PBXResourcesBuildPhase section */

/* Begin PBXShellScriptBuildPhase section */
		81465BEB29A7B1D300BD6E04 /* Strip Stubbie Stub JSON */ = {
			isa = PBXShellScriptBuildPhase;
			buildActionMask = 8;
			files = (
			);
			inputFileListPaths = (
			);
			inputPaths = (
			);
			name = "Strip Stubbie Stub JSON";
			outputFileListPaths = (
			);
			outputPaths = (
			);
			runOnlyForDeploymentPostprocessing = 1;
			shellPath = /bin/sh;
			shellScript = "# Type a script or drag a script file from your workspace to insert its path.\nset -e\n\necho \"is running is ${XCUI_IS_RUNNING}\"\n\nif [ \"${CONFIGURATION}\" = \"Release\" ]; then\n    rm \"${BUILT_PRODUCTS_DIR}/StubbieSampler.app/test_mockedResponse_array().json\"\n    echo \"Release build, clearing test JSON files from build.\"\nfi\n";
		};
/* End PBXShellScriptBuildPhase section */

/* Begin PBXSourcesBuildPhase section */
		8154874E29A696EF0044AF9B /* Sources */ = {
			isa = PBXSourcesBuildPhase;
			buildActionMask = 2147483647;
			files = (
				8154875A29A696EF0044AF9B /* ViewController.swift in Sources */,
				8154875629A696EF0044AF9B /* AppDelegate.swift in Sources */,
				81211A5329A799FB00B9FB86 /* ViewModel.swift in Sources */,
				81211A5529A79E0600B9FB86 /* SceneDelegate.swift in Sources */,
			);
			runOnlyForDeploymentPostprocessing = 0;
		};
		8154876E29A696F20044AF9B /* Sources */ = {
			isa = PBXSourcesBuildPhase;
			buildActionMask = 2147483647;
			files = (
				8154877729A696F20044AF9B /* StubbieSamplerUITests.swift in Sources */,
				A31D52CB29ACFA96005D4EF5 /* XCUIElement+Extensions.swift in Sources */,
			);
			runOnlyForDeploymentPostprocessing = 0;
		};
/* End PBXSourcesBuildPhase section */

/* Begin PBXTargetDependency section */
		8154877429A696F20044AF9B /* PBXTargetDependency */ = {
			isa = PBXTargetDependency;
			target = 8154875129A696EF0044AF9B /* StubbieSampler */;
			targetProxy = 8154877329A696F20044AF9B /* PBXContainerItemProxy */;
		};
/* End PBXTargetDependency section */

/* Begin PBXVariantGroup section */
		8154876029A696F10044AF9B /* LaunchScreen.storyboard */ = {
			isa = PBXVariantGroup;
			children = (
				8154876129A696F10044AF9B /* Base */,
			);
			name = LaunchScreen.storyboard;
			sourceTree = "<group>";
		};
/* End PBXVariantGroup section */

/* Begin XCBuildConfiguration section */
		8154877A29A696F20044AF9B /* Debug */ = {
			isa = XCBuildConfiguration;
			buildSettings = {
				ALWAYS_SEARCH_USER_PATHS = NO;
				CLANG_ANALYZER_NONNULL = YES;
				CLANG_ANALYZER_NUMBER_OBJECT_CONVERSION = YES_AGGRESSIVE;
				CLANG_CXX_LANGUAGE_STANDARD = "gnu++20";
				CLANG_ENABLE_MODULES = YES;
				CLANG_ENABLE_OBJC_ARC = YES;
				CLANG_ENABLE_OBJC_WEAK = YES;
				CLANG_WARN_BLOCK_CAPTURE_AUTORELEASING = YES;
				CLANG_WARN_BOOL_CONVERSION = YES;
				CLANG_WARN_COMMA = YES;
				CLANG_WARN_CONSTANT_CONVERSION = YES;
				CLANG_WARN_DEPRECATED_OBJC_IMPLEMENTATIONS = YES;
				CLANG_WARN_DIRECT_OBJC_ISA_USAGE = YES_ERROR;
				CLANG_WARN_DOCUMENTATION_COMMENTS = YES;
				CLANG_WARN_EMPTY_BODY = YES;
				CLANG_WARN_ENUM_CONVERSION = YES;
				CLANG_WARN_INFINITE_RECURSION = YES;
				CLANG_WARN_INT_CONVERSION = YES;
				CLANG_WARN_NON_LITERAL_NULL_CONVERSION = YES;
				CLANG_WARN_OBJC_IMPLICIT_RETAIN_SELF = YES;
				CLANG_WARN_OBJC_LITERAL_CONVERSION = YES;
				CLANG_WARN_OBJC_ROOT_CLASS = YES_ERROR;
				CLANG_WARN_QUOTED_INCLUDE_IN_FRAMEWORK_HEADER = YES;
				CLANG_WARN_RANGE_LOOP_ANALYSIS = YES;
				CLANG_WARN_STRICT_PROTOTYPES = YES;
				CLANG_WARN_SUSPICIOUS_MOVE = YES;
				CLANG_WARN_UNGUARDED_AVAILABILITY = YES_AGGRESSIVE;
				CLANG_WARN_UNREACHABLE_CODE = YES;
				CLANG_WARN__DUPLICATE_METHOD_MATCH = YES;
				COPY_PHASE_STRIP = NO;
				DEBUG_INFORMATION_FORMAT = dwarf;
				ENABLE_STRICT_OBJC_MSGSEND = YES;
				ENABLE_TESTABILITY = YES;
				GCC_C_LANGUAGE_STANDARD = gnu11;
				GCC_DYNAMIC_NO_PIC = NO;
				GCC_NO_COMMON_BLOCKS = YES;
				GCC_OPTIMIZATION_LEVEL = 0;
				GCC_PREPROCESSOR_DEFINITIONS = (
					"DEBUG=1",
					"$(inherited)",
				);
				GCC_WARN_64_TO_32_BIT_CONVERSION = YES;
				GCC_WARN_ABOUT_RETURN_TYPE = YES_ERROR;
				GCC_WARN_UNDECLARED_SELECTOR = YES;
				GCC_WARN_UNINITIALIZED_AUTOS = YES_AGGRESSIVE;
				GCC_WARN_UNUSED_FUNCTION = YES;
				GCC_WARN_UNUSED_VARIABLE = YES;
				IPHONEOS_DEPLOYMENT_TARGET = 16.2;
				MTL_ENABLE_DEBUG_INFO = INCLUDE_SOURCE;
				MTL_FAST_MATH = YES;
				ONLY_ACTIVE_ARCH = YES;
				SDKROOT = iphoneos;
				SWIFT_ACTIVE_COMPILATION_CONDITIONS = DEBUG;
				SWIFT_OPTIMIZATION_LEVEL = "-Onone";
			};
			name = Debug;
		};
		8154877B29A696F20044AF9B /* Release */ = {
			isa = XCBuildConfiguration;
			buildSettings = {
				ALWAYS_SEARCH_USER_PATHS = NO;
				CLANG_ANALYZER_NONNULL = YES;
				CLANG_ANALYZER_NUMBER_OBJECT_CONVERSION = YES_AGGRESSIVE;
				CLANG_CXX_LANGUAGE_STANDARD = "gnu++20";
				CLANG_ENABLE_MODULES = YES;
				CLANG_ENABLE_OBJC_ARC = YES;
				CLANG_ENABLE_OBJC_WEAK = YES;
				CLANG_WARN_BLOCK_CAPTURE_AUTORELEASING = YES;
				CLANG_WARN_BOOL_CONVERSION = YES;
				CLANG_WARN_COMMA = YES;
				CLANG_WARN_CONSTANT_CONVERSION = YES;
				CLANG_WARN_DEPRECATED_OBJC_IMPLEMENTATIONS = YES;
				CLANG_WARN_DIRECT_OBJC_ISA_USAGE = YES_ERROR;
				CLANG_WARN_DOCUMENTATION_COMMENTS = YES;
				CLANG_WARN_EMPTY_BODY = YES;
				CLANG_WARN_ENUM_CONVERSION = YES;
				CLANG_WARN_INFINITE_RECURSION = YES;
				CLANG_WARN_INT_CONVERSION = YES;
				CLANG_WARN_NON_LITERAL_NULL_CONVERSION = YES;
				CLANG_WARN_OBJC_IMPLICIT_RETAIN_SELF = YES;
				CLANG_WARN_OBJC_LITERAL_CONVERSION = YES;
				CLANG_WARN_OBJC_ROOT_CLASS = YES_ERROR;
				CLANG_WARN_QUOTED_INCLUDE_IN_FRAMEWORK_HEADER = YES;
				CLANG_WARN_RANGE_LOOP_ANALYSIS = YES;
				CLANG_WARN_STRICT_PROTOTYPES = YES;
				CLANG_WARN_SUSPICIOUS_MOVE = YES;
				CLANG_WARN_UNGUARDED_AVAILABILITY = YES_AGGRESSIVE;
				CLANG_WARN_UNREACHABLE_CODE = YES;
				CLANG_WARN__DUPLICATE_METHOD_MATCH = YES;
				COPY_PHASE_STRIP = NO;
				DEBUG_INFORMATION_FORMAT = "dwarf-with-dsym";
				ENABLE_NS_ASSERTIONS = NO;
				ENABLE_STRICT_OBJC_MSGSEND = YES;
				GCC_C_LANGUAGE_STANDARD = gnu11;
				GCC_NO_COMMON_BLOCKS = YES;
				GCC_WARN_64_TO_32_BIT_CONVERSION = YES;
				GCC_WARN_ABOUT_RETURN_TYPE = YES_ERROR;
				GCC_WARN_UNDECLARED_SELECTOR = YES;
				GCC_WARN_UNINITIALIZED_AUTOS = YES_AGGRESSIVE;
				GCC_WARN_UNUSED_FUNCTION = YES;
				GCC_WARN_UNUSED_VARIABLE = YES;
				IPHONEOS_DEPLOYMENT_TARGET = 16.2;
				MTL_ENABLE_DEBUG_INFO = NO;
				MTL_FAST_MATH = YES;
				SDKROOT = iphoneos;
				SWIFT_COMPILATION_MODE = wholemodule;
				SWIFT_OPTIMIZATION_LEVEL = "-O";
				VALIDATE_PRODUCT = YES;
			};
			name = Release;
		};
		8154877D29A696F20044AF9B /* Debug */ = {
			isa = XCBuildConfiguration;
			buildSettings = {
				ASSETCATALOG_COMPILER_APPICON_NAME = AppIcon;
				ASSETCATALOG_COMPILER_GLOBAL_ACCENT_COLOR_NAME = AccentColor;
				CODE_SIGN_STYLE = Automatic;
				CURRENT_PROJECT_VERSION = 1;
				DEVELOPMENT_TEAM = F4FKZMR5MG;
				GENERATE_INFOPLIST_FILE = YES;
				INFOPLIST_FILE = StubbieSampler/Info.plist;
				INFOPLIST_KEY_UIApplicationSupportsIndirectInputEvents = YES;
				INFOPLIST_KEY_UILaunchStoryboardName = LaunchScreen;
				INFOPLIST_KEY_UISupportedInterfaceOrientations_iPad = "UIInterfaceOrientationPortrait UIInterfaceOrientationPortraitUpsideDown UIInterfaceOrientationLandscapeLeft UIInterfaceOrientationLandscapeRight";
				INFOPLIST_KEY_UISupportedInterfaceOrientations_iPhone = "UIInterfaceOrientationPortrait UIInterfaceOrientationLandscapeLeft UIInterfaceOrientationLandscapeRight";
				IPHONEOS_DEPLOYMENT_TARGET = 13.0;
				LD_RUNPATH_SEARCH_PATHS = (
					"$(inherited)",
					"@executable_path/Frameworks",
				);
				MARKETING_VERSION = 1.0;
				PRODUCT_BUNDLE_IDENTIFIER = com.marksandspencer.StubbieSampler;
				PRODUCT_NAME = "$(TARGET_NAME)";
				SWIFT_EMIT_LOC_STRINGS = YES;
				SWIFT_VERSION = 5.0;
				TARGETED_DEVICE_FAMILY = "1,2";
			};
			name = Debug;
		};
		8154877E29A696F20044AF9B /* Release */ = {
			isa = XCBuildConfiguration;
			buildSettings = {
				ASSETCATALOG_COMPILER_APPICON_NAME = AppIcon;
				ASSETCATALOG_COMPILER_GLOBAL_ACCENT_COLOR_NAME = AccentColor;
				CODE_SIGN_STYLE = Automatic;
				CURRENT_PROJECT_VERSION = 1;
				DEVELOPMENT_TEAM = F4FKZMR5MG;
				GENERATE_INFOPLIST_FILE = YES;
				INFOPLIST_FILE = StubbieSampler/Info.plist;
				INFOPLIST_KEY_UIApplicationSupportsIndirectInputEvents = YES;
				INFOPLIST_KEY_UILaunchStoryboardName = LaunchScreen;
				INFOPLIST_KEY_UISupportedInterfaceOrientations_iPad = "UIInterfaceOrientationPortrait UIInterfaceOrientationPortraitUpsideDown UIInterfaceOrientationLandscapeLeft UIInterfaceOrientationLandscapeRight";
				INFOPLIST_KEY_UISupportedInterfaceOrientations_iPhone = "UIInterfaceOrientationPortrait UIInterfaceOrientationLandscapeLeft UIInterfaceOrientationLandscapeRight";
				IPHONEOS_DEPLOYMENT_TARGET = 13.0;
				LD_RUNPATH_SEARCH_PATHS = (
					"$(inherited)",
					"@executable_path/Frameworks",
				);
				MARKETING_VERSION = 1.0;
				PRODUCT_BUNDLE_IDENTIFIER = com.marksandspencer.StubbieSampler;
				PRODUCT_NAME = "$(TARGET_NAME)";
				SWIFT_EMIT_LOC_STRINGS = YES;
				SWIFT_VERSION = 5.0;
				TARGETED_DEVICE_FAMILY = "1,2";
			};
			name = Release;
		};
		8154878329A696F20044AF9B /* Debug */ = {
			isa = XCBuildConfiguration;
			buildSettings = {
				ALWAYS_EMBED_SWIFT_STANDARD_LIBRARIES = YES;
				CODE_SIGN_STYLE = Automatic;
				CURRENT_PROJECT_VERSION = 1;
				DEVELOPMENT_TEAM = F4FKZMR5MG;
				GENERATE_INFOPLIST_FILE = YES;
				IPHONEOS_DEPLOYMENT_TARGET = 13.0;
				MARKETING_VERSION = 1.0;
				PRODUCT_BUNDLE_IDENTIFIER = com.marksandspencer.StubbieSamplerUITests;
				PRODUCT_NAME = "$(TARGET_NAME)";
				SWIFT_EMIT_LOC_STRINGS = NO;
				SWIFT_VERSION = 5.0;
				TARGETED_DEVICE_FAMILY = "1,2";
				TEST_TARGET_NAME = StubbieSampler;
			};
			name = Debug;
		};
		8154878429A696F20044AF9B /* Release */ = {
			isa = XCBuildConfiguration;
			buildSettings = {
				ALWAYS_EMBED_SWIFT_STANDARD_LIBRARIES = YES;
				CODE_SIGN_STYLE = Automatic;
				CURRENT_PROJECT_VERSION = 1;
				DEVELOPMENT_TEAM = F4FKZMR5MG;
				GENERATE_INFOPLIST_FILE = YES;
				IPHONEOS_DEPLOYMENT_TARGET = 13.0;
				MARKETING_VERSION = 1.0;
				PRODUCT_BUNDLE_IDENTIFIER = com.marksandspencer.StubbieSamplerUITests;
				PRODUCT_NAME = "$(TARGET_NAME)";
				SWIFT_EMIT_LOC_STRINGS = NO;
				SWIFT_VERSION = 5.0;
				TARGETED_DEVICE_FAMILY = "1,2";
				TEST_TARGET_NAME = StubbieSampler;
			};
			name = Release;
		};
/* End XCBuildConfiguration section */

/* Begin XCConfigurationList section */
		8154874D29A696EF0044AF9B /* Build configuration list for PBXProject "StubbieSampler" */ = {
			isa = XCConfigurationList;
			buildConfigurations = (
				8154877A29A696F20044AF9B /* Debug */,
				8154877B29A696F20044AF9B /* Release */,
			);
			defaultConfigurationIsVisible = 0;
			defaultConfigurationName = Release;
		};
		8154877C29A696F20044AF9B /* Build configuration list for PBXNativeTarget "StubbieSampler" */ = {
			isa = XCConfigurationList;
			buildConfigurations = (
				8154877D29A696F20044AF9B /* Debug */,
				8154877E29A696F20044AF9B /* Release */,
			);
			defaultConfigurationIsVisible = 0;
			defaultConfigurationName = Release;
		};
		8154878229A696F20044AF9B /* Build configuration list for PBXNativeTarget "StubbieSamplerUITests" */ = {
			isa = XCConfigurationList;
			buildConfigurations = (
				8154878329A696F20044AF9B /* Debug */,
				8154878429A696F20044AF9B /* Release */,
			);
			defaultConfigurationIsVisible = 0;
			defaultConfigurationName = Release;
		};
/* End XCConfigurationList section */

/* Begin XCSwiftPackageProductDependency section */
		81211A4E29A797E300B9FB86 /* Stubbie */ = {
			isa = XCSwiftPackageProductDependency;
			productName = Stubbie;
		};
		81211A5029A797ED00B9FB86 /* Stubbie */ = {
			isa = XCSwiftPackageProductDependency;
			productName = Stubbie;
		};
		81211A9429A7A6D800B9FB86 /* StubbieTestUtils */ = {
			isa = XCSwiftPackageProductDependency;
			productName = StubbieTestUtils;
		};
/* End XCSwiftPackageProductDependency section */
	};
	rootObject = 8154874A29A696EF0044AF9B /* Project object */;
}
